// !$*UTF8*$!
{
	archiveVersion = 1;
	classes = {
	};
	objectVersion = 50;
	objects = {

/* Begin PBXBuildFile section */
		B556D065241270EA00DF079C /* countryRoads_clip.mp3 in Resources */ = {isa = PBXBuildFile; fileRef = B556D064241270EA00DF079C /* countryRoads_clip.mp3 */; };
		B556D0672412710600DF079C /* AudioManager.swift in Sources */ = {isa = PBXBuildFile; fileRef = B556D0662412710600DF079C /* AudioManager.swift */; };
		B5815ECC240FCC16004A3F84 /* MediaPreviewView.swift in Sources */ = {isa = PBXBuildFile; fileRef = B5815ECB240FCC16004A3F84 /* MediaPreviewView.swift */; };
		B5815ECE24123DBA004A3F84 /* VoiceProgressBarView.swift in Sources */ = {isa = PBXBuildFile; fileRef = B5815ECD24123DBA004A3F84 /* VoiceProgressBarView.swift */; };
		B597157B23A3F6BD001E4E2B /* AppDelegate.swift in Sources */ = {isa = PBXBuildFile; fileRef = B597157A23A3F6BD001E4E2B /* AppDelegate.swift */; };
		B597157D23A3F6BD001E4E2B /* SceneDelegate.swift in Sources */ = {isa = PBXBuildFile; fileRef = B597157C23A3F6BD001E4E2B /* SceneDelegate.swift */; };
		B597157F23A3F6BD001E4E2B /* ViewController.swift in Sources */ = {isa = PBXBuildFile; fileRef = B597157E23A3F6BD001E4E2B /* ViewController.swift */; };
		B597158223A3F6BD001E4E2B /* Main.storyboard in Resources */ = {isa = PBXBuildFile; fileRef = B597158023A3F6BD001E4E2B /* Main.storyboard */; };
		B597158423A3F6BE001E4E2B /* Assets.xcassets in Resources */ = {isa = PBXBuildFile; fileRef = B597158323A3F6BE001E4E2B /* Assets.xcassets */; };
		B597158723A3F6BE001E4E2B /* LaunchScreen.storyboard in Resources */ = {isa = PBXBuildFile; fileRef = B597158523A3F6BE001E4E2B /* LaunchScreen.storyboard */; };
		B597158F23A3FA55001E4E2B /* country_roads.mp3 in Resources */ = {isa = PBXBuildFile; fileRef = B597158E23A3FA55001E4E2B /* country_roads.mp3 */; };
		B597159123A40622001E4E2B /* soundbyte1.wav in Resources */ = {isa = PBXBuildFile; fileRef = B597159023A40622001E4E2B /* soundbyte1.wav */; };
		B597159523A4D2B5001E4E2B /* CSAudioData.swift in Sources */ = {isa = PBXBuildFile; fileRef = B597159423A4D2B5001E4E2B /* CSAudioData.swift */; };
		B597159723A4F7AA001E4E2B /* PlaybackViewController.swift in Sources */ = {isa = PBXBuildFile; fileRef = B597159623A4F7AA001E4E2B /* PlaybackViewController.swift */; };
		B5F47672240A7D3A00A15CEC /* UIView+CustomAppearanceExtensions.swift in Sources */ = {isa = PBXBuildFile; fileRef = B5F47671240A7D3A00A15CEC /* UIView+CustomAppearanceExtensions.swift */; };
		B5F47675240A847A00A15CEC /* EditingViewController.swift in Sources */ = {isa = PBXBuildFile; fileRef = B5F47674240A847A00A15CEC /* EditingViewController.swift */; };
		B5F47677240A933900A15CEC /* UIView+SafeAreaExtensions.swift in Sources */ = {isa = PBXBuildFile; fileRef = B5F47676240A933900A15CEC /* UIView+SafeAreaExtensions.swift */; };
		B5F4767C240A978A00A15CEC /* UIView+UIRectExtensions.swift in Sources */ = {isa = PBXBuildFile; fileRef = B5F4767B240A978A00A15CEC /* UIView+UIRectExtensions.swift */; };
		B5F47683240A9D4F00A15CEC /* VoiceViewController.swift in Sources */ = {isa = PBXBuildFile; fileRef = B5F47681240A9D4F00A15CEC /* VoiceViewController.swift */; };
		B5F47684240A9D4F00A15CEC /* VoiceViewController.xib in Resources */ = {isa = PBXBuildFile; fileRef = B5F47682240A9D4F00A15CEC /* VoiceViewController.xib */; };
		B5F47686240BE94600A15CEC /* SoundbyteHandleView.swift in Sources */ = {isa = PBXBuildFile; fileRef = B5F47685240BE94600A15CEC /* SoundbyteHandleView.swift */; };
/* End PBXBuildFile section */

/* Begin PBXFileReference section */
		B556D064241270EA00DF079C /* countryRoads_clip.mp3 */ = {isa = PBXFileReference; lastKnownFileType = audio.mp3; path = countryRoads_clip.mp3; sourceTree = "<group>"; };
		B556D0662412710600DF079C /* AudioManager.swift */ = {isa = PBXFileReference; lastKnownFileType = sourcecode.swift; path = AudioManager.swift; sourceTree = "<group>"; };
		B5815ECB240FCC16004A3F84 /* MediaPreviewView.swift */ = {isa = PBXFileReference; lastKnownFileType = sourcecode.swift; path = MediaPreviewView.swift; sourceTree = "<group>"; };
		B5815ECD24123DBA004A3F84 /* VoiceProgressBarView.swift */ = {isa = PBXFileReference; lastKnownFileType = sourcecode.swift; path = VoiceProgressBarView.swift; sourceTree = "<group>"; };
		B597157723A3F6BD001E4E2B /* AudioMixingExperiment.app */ = {isa = PBXFileReference; explicitFileType = wrapper.application; includeInIndex = 0; path = AudioMixingExperiment.app; sourceTree = BUILT_PRODUCTS_DIR; };
		B597157A23A3F6BD001E4E2B /* AppDelegate.swift */ = {isa = PBXFileReference; lastKnownFileType = sourcecode.swift; path = AppDelegate.swift; sourceTree = "<group>"; };
		B597157C23A3F6BD001E4E2B /* SceneDelegate.swift */ = {isa = PBXFileReference; lastKnownFileType = sourcecode.swift; path = SceneDelegate.swift; sourceTree = "<group>"; };
		B597157E23A3F6BD001E4E2B /* ViewController.swift */ = {isa = PBXFileReference; lastKnownFileType = sourcecode.swift; path = ViewController.swift; sourceTree = "<group>"; };
		B597158123A3F6BD001E4E2B /* Base */ = {isa = PBXFileReference; lastKnownFileType = file.storyboard; name = Base; path = Base.lproj/Main.storyboard; sourceTree = "<group>"; };
		B597158323A3F6BE001E4E2B /* Assets.xcassets */ = {isa = PBXFileReference; lastKnownFileType = folder.assetcatalog; path = Assets.xcassets; sourceTree = "<group>"; };
		B597158623A3F6BE001E4E2B /* Base */ = {isa = PBXFileReference; lastKnownFileType = file.storyboard; name = Base; path = Base.lproj/LaunchScreen.storyboard; sourceTree = "<group>"; };
		B597158823A3F6BE001E4E2B /* Info.plist */ = {isa = PBXFileReference; lastKnownFileType = text.plist.xml; path = Info.plist; sourceTree = "<group>"; };
		B597158E23A3FA55001E4E2B /* country_roads.mp3 */ = {isa = PBXFileReference; lastKnownFileType = audio.mp3; path = country_roads.mp3; sourceTree = "<group>"; };
		B597159023A40622001E4E2B /* soundbyte1.wav */ = {isa = PBXFileReference; lastKnownFileType = audio.wav; path = soundbyte1.wav; sourceTree = "<group>"; };
		B597159423A4D2B5001E4E2B /* CSAudioData.swift */ = {isa = PBXFileReference; lastKnownFileType = sourcecode.swift; path = CSAudioData.swift; sourceTree = "<group>"; };
		B597159623A4F7AA001E4E2B /* PlaybackViewController.swift */ = {isa = PBXFileReference; lastKnownFileType = sourcecode.swift; path = PlaybackViewController.swift; sourceTree = "<group>"; };
		B5F47671240A7D3A00A15CEC /* UIView+CustomAppearanceExtensions.swift */ = {isa = PBXFileReference; lastKnownFileType = sourcecode.swift; path = "UIView+CustomAppearanceExtensions.swift"; sourceTree = "<group>"; };
		B5F47674240A847A00A15CEC /* EditingViewController.swift */ = {isa = PBXFileReference; lastKnownFileType = sourcecode.swift; path = EditingViewController.swift; sourceTree = "<group>"; };
		B5F47676240A933900A15CEC /* UIView+SafeAreaExtensions.swift */ = {isa = PBXFileReference; lastKnownFileType = sourcecode.swift; path = "UIView+SafeAreaExtensions.swift"; sourceTree = "<group>"; };
		B5F4767B240A978A00A15CEC /* UIView+UIRectExtensions.swift */ = {isa = PBXFileReference; lastKnownFileType = sourcecode.swift; path = "UIView+UIRectExtensions.swift"; sourceTree = "<group>"; };
		B5F47681240A9D4F00A15CEC /* VoiceViewController.swift */ = {isa = PBXFileReference; lastKnownFileType = sourcecode.swift; path = VoiceViewController.swift; sourceTree = "<group>"; };
		B5F47682240A9D4F00A15CEC /* VoiceViewController.xib */ = {isa = PBXFileReference; lastKnownFileType = file.xib; path = VoiceViewController.xib; sourceTree = "<group>"; };
		B5F47685240BE94600A15CEC /* SoundbyteHandleView.swift */ = {isa = PBXFileReference; lastKnownFileType = sourcecode.swift; path = SoundbyteHandleView.swift; sourceTree = "<group>"; };
/* End PBXFileReference section */

/* Begin PBXFrameworksBuildPhase section */
		B597157423A3F6BD001E4E2B /* Frameworks */ = {
			isa = PBXFrameworksBuildPhase;
			buildActionMask = 2147483647;
			files = (
			);
			runOnlyForDeploymentPostprocessing = 0;
		};
/* End PBXFrameworksBuildPhase section */

/* Begin PBXGroup section */
		B597156E23A3F6BD001E4E2B = {
			isa = PBXGroup;
			children = (
				B597157923A3F6BD001E4E2B /* AudioMixingExperiment */,
				B597157823A3F6BD001E4E2B /* Products */,
			);
			sourceTree = "<group>";
		};
		B597157823A3F6BD001E4E2B /* Products */ = {
			isa = PBXGroup;
			children = (
				B597157723A3F6BD001E4E2B /* AudioMixingExperiment.app */,
			);
			name = Products;
			sourceTree = "<group>";
		};
		B597157923A3F6BD001E4E2B /* AudioMixingExperiment */ = {
			isa = PBXGroup;
			children = (
				B5F47674240A847A00A15CEC /* EditingViewController.swift */,
				B597157A23A3F6BD001E4E2B /* AppDelegate.swift */,
				B597157C23A3F6BD001E4E2B /* SceneDelegate.swift */,
				B597158023A3F6BD001E4E2B /* Main.storyboard */,
				B597158323A3F6BE001E4E2B /* Assets.xcassets */,
				B597158523A3F6BE001E4E2B /* LaunchScreen.storyboard */,
				B597158823A3F6BE001E4E2B /* Info.plist */,
				B5F47678240A951100A15CEC /* AudioExperiment */,
				B5F47670240A7CB400A15CEC /* Extensions */,
				B5F47673240A840000A15CEC /* Resources */,
				B5F47681240A9D4F00A15CEC /* VoiceViewController.swift */,
				B5F47682240A9D4F00A15CEC /* VoiceViewController.xib */,
				B5F47685240BE94600A15CEC /* SoundbyteHandleView.swift */,
				B5815ECB240FCC16004A3F84 /* MediaPreviewView.swift */,
				B5815ECD24123DBA004A3F84 /* VoiceProgressBarView.swift */,
				B556D0662412710600DF079C /* AudioManager.swift */,
			);
			path = AudioMixingExperiment;
			sourceTree = "<group>";
		};
		B5F47670240A7CB400A15CEC /* Extensions */ = {
			isa = PBXGroup;
			children = (
				B5F47671240A7D3A00A15CEC /* UIView+CustomAppearanceExtensions.swift */,
				B5F47676240A933900A15CEC /* UIView+SafeAreaExtensions.swift */,
				B5F4767B240A978A00A15CEC /* UIView+UIRectExtensions.swift */,
			);
			path = Extensions;
			sourceTree = "<group>";
		};
		B5F47673240A840000A15CEC /* Resources */ = {
			isa = PBXGroup;
			children = (
				B597159023A40622001E4E2B /* soundbyte1.wav */,
				B556D064241270EA00DF079C /* countryRoads_clip.mp3 */,
				B597158E23A3FA55001E4E2B /* country_roads.mp3 */,
			);
			path = Resources;
			sourceTree = "<group>";
		};
		B5F47678240A951100A15CEC /* AudioExperiment */ = {
			isa = PBXGroup;
			children = (
				B597159423A4D2B5001E4E2B /* CSAudioData.swift */,
				B597157E23A3F6BD001E4E2B /* ViewController.swift */,
				B597159623A4F7AA001E4E2B /* PlaybackViewController.swift */,
			);
			path = AudioExperiment;
			sourceTree = "<group>";
		};
/* End PBXGroup section */

/* Begin PBXNativeTarget section */
		B597157623A3F6BD001E4E2B /* AudioMixingExperiment */ = {
			isa = PBXNativeTarget;
			buildConfigurationList = B597158B23A3F6BE001E4E2B /* Build configuration list for PBXNativeTarget "AudioMixingExperiment" */;
			buildPhases = (
				B597157323A3F6BD001E4E2B /* Sources */,
				B597157423A3F6BD001E4E2B /* Frameworks */,
				B597157523A3F6BD001E4E2B /* Resources */,
			);
			buildRules = (
			);
			dependencies = (
			);
			name = AudioMixingExperiment;
			productName = AudioMixingExperiment;
			productReference = B597157723A3F6BD001E4E2B /* AudioMixingExperiment.app */;
			productType = "com.apple.product-type.application";
		};
/* End PBXNativeTarget section */

/* Begin PBXProject section */
		B597156F23A3F6BD001E4E2B /* Project object */ = {
			isa = PBXProject;
			attributes = {
				LastSwiftUpdateCheck = 1100;
				LastUpgradeCheck = 1100;
				ORGANIZATIONNAME = "Dirtcube Interactive";
				TargetAttributes = {
					B597157623A3F6BD001E4E2B = {
						CreatedOnToolsVersion = 11.0;
					};
				};
			};
			buildConfigurationList = B597157223A3F6BD001E4E2B /* Build configuration list for PBXProject "AudioMixingExperiment" */;
			compatibilityVersion = "Xcode 9.3";
			developmentRegion = en;
			hasScannedForEncodings = 0;
			knownRegions = (
				en,
				Base,
			);
			mainGroup = B597156E23A3F6BD001E4E2B;
			productRefGroup = B597157823A3F6BD001E4E2B /* Products */;
			projectDirPath = "";
			projectRoot = "";
			targets = (
				B597157623A3F6BD001E4E2B /* AudioMixingExperiment */,
			);
		};
/* End PBXProject section */

/* Begin PBXResourcesBuildPhase section */
		B597157523A3F6BD001E4E2B /* Resources */ = {
			isa = PBXResourcesBuildPhase;
			buildActionMask = 2147483647;
			files = (
				B597159123A40622001E4E2B /* soundbyte1.wav in Resources */,
				B597158723A3F6BE001E4E2B /* LaunchScreen.storyboard in Resources */,
				B597158F23A3FA55001E4E2B /* country_roads.mp3 in Resources */,
				B556D065241270EA00DF079C /* countryRoads_clip.mp3 in Resources */,
				B597158423A3F6BE001E4E2B /* Assets.xcassets in Resources */,
				B597158223A3F6BD001E4E2B /* Main.storyboard in Resources */,
				B5F47684240A9D4F00A15CEC /* VoiceViewController.xib in Resources */,
			);
			runOnlyForDeploymentPostprocessing = 0;
		};
/* End PBXResourcesBuildPhase section */

/* Begin PBXSourcesBuildPhase section */
		B597157323A3F6BD001E4E2B /* Sources */ = {
			isa = PBXSourcesBuildPhase;
			buildActionMask = 2147483647;
			files = (
				B597157F23A3F6BD001E4E2B /* ViewController.swift in Sources */,
				B5F47672240A7D3A00A15CEC /* UIView+CustomAppearanceExtensions.swift in Sources */,
				B597159723A4F7AA001E4E2B /* PlaybackViewController.swift in Sources */,
				B5F47675240A847A00A15CEC /* EditingViewController.swift in Sources */,
				B597157B23A3F6BD001E4E2B /* AppDelegate.swift in Sources */,
				B5815ECC240FCC16004A3F84 /* MediaPreviewView.swift in Sources */,
				B5F47683240A9D4F00A15CEC /* VoiceViewController.swift in Sources */,
				B5F4767C240A978A00A15CEC /* UIView+UIRectExtensions.swift in Sources */,
				B556D0672412710600DF079C /* AudioManager.swift in Sources */,
				B597159523A4D2B5001E4E2B /* CSAudioData.swift in Sources */,
				B5F47677240A933900A15CEC /* UIView+SafeAreaExtensions.swift in Sources */,
				B5F47686240BE94600A15CEC /* SoundbyteHandleView.swift in Sources */,
				B5815ECE24123DBA004A3F84 /* VoiceProgressBarView.swift in Sources */,
				B597157D23A3F6BD001E4E2B /* SceneDelegate.swift in Sources */,
			);
			runOnlyForDeploymentPostprocessing = 0;
		};
/* End PBXSourcesBuildPhase section */

/* Begin PBXVariantGroup section */
		B597158023A3F6BD001E4E2B /* Main.storyboard */ = {
			isa = PBXVariantGroup;
			children = (
				B597158123A3F6BD001E4E2B /* Base */,
			);
			name = Main.storyboard;
			sourceTree = "<group>";
		};
		B597158523A3F6BE001E4E2B /* LaunchScreen.storyboard */ = {
			isa = PBXVariantGroup;
			children = (
				B597158623A3F6BE001E4E2B /* Base */,
			);
			name = LaunchScreen.storyboard;
			sourceTree = "<group>";
		};
/* End PBXVariantGroup section */

/* Begin XCBuildConfiguration section */
		B597158923A3F6BE001E4E2B /* Debug */ = {
			isa = XCBuildConfiguration;
			buildSettings = {
				ALWAYS_SEARCH_USER_PATHS = NO;
				CLANG_ANALYZER_NONNULL = YES;
				CLANG_ANALYZER_NUMBER_OBJECT_CONVERSION = YES_AGGRESSIVE;
				CLANG_CXX_LANGUAGE_STANDARD = "gnu++14";
				CLANG_CXX_LIBRARY = "libc++";
				CLANG_ENABLE_MODULES = YES;
				CLANG_ENABLE_OBJC_ARC = YES;
				CLANG_ENABLE_OBJC_WEAK = YES;
				CLANG_WARN_BLOCK_CAPTURE_AUTORELEASING = YES;
				CLANG_WARN_BOOL_CONVERSION = YES;
				CLANG_WARN_COMMA = YES;
				CLANG_WARN_CONSTANT_CONVERSION = YES;
				CLANG_WARN_DEPRECATED_OBJC_IMPLEMENTATIONS = YES;
				CLANG_WARN_DIRECT_OBJC_ISA_USAGE = YES_ERROR;
				CLANG_WARN_DOCUMENTATION_COMMENTS = YES;
				CLANG_WARN_EMPTY_BODY = YES;
				CLANG_WARN_ENUM_CONVERSION = YES;
				CLANG_WARN_INFINITE_RECURSION = YES;
				CLANG_WARN_INT_CONVERSION = YES;
				CLANG_WARN_NON_LITERAL_NULL_CONVERSION = YES;
				CLANG_WARN_OBJC_IMPLICIT_RETAIN_SELF = YES;
				CLANG_WARN_OBJC_LITERAL_CONVERSION = YES;
				CLANG_WARN_OBJC_ROOT_CLASS = YES_ERROR;
				CLANG_WARN_RANGE_LOOP_ANALYSIS = YES;
				CLANG_WARN_STRICT_PROTOTYPES = YES;
				CLANG_WARN_SUSPICIOUS_MOVE = YES;
				CLANG_WARN_UNGUARDED_AVAILABILITY = YES_AGGRESSIVE;
				CLANG_WARN_UNREACHABLE_CODE = YES;
				CLANG_WARN__DUPLICATE_METHOD_MATCH = YES;
				COPY_PHASE_STRIP = NO;
				DEBUG_INFORMATION_FORMAT = dwarf;
				ENABLE_STRICT_OBJC_MSGSEND = YES;
				ENABLE_TESTABILITY = YES;
				GCC_C_LANGUAGE_STANDARD = gnu11;
				GCC_DYNAMIC_NO_PIC = NO;
				GCC_NO_COMMON_BLOCKS = YES;
				GCC_OPTIMIZATION_LEVEL = 0;
				GCC_PREPROCESSOR_DEFINITIONS = (
					"DEBUG=1",
					"$(inherited)",
				);
				GCC_WARN_64_TO_32_BIT_CONVERSION = YES;
				GCC_WARN_ABOUT_RETURN_TYPE = YES_ERROR;
				GCC_WARN_UNDECLARED_SELECTOR = YES;
				GCC_WARN_UNINITIALIZED_AUTOS = YES_AGGRESSIVE;
				GCC_WARN_UNUSED_FUNCTION = YES;
				GCC_WARN_UNUSED_VARIABLE = YES;
				IPHONEOS_DEPLOYMENT_TARGET = 13.0;
				MTL_ENABLE_DEBUG_INFO = INCLUDE_SOURCE;
				MTL_FAST_MATH = YES;
				ONLY_ACTIVE_ARCH = YES;
				SDKROOT = iphoneos;
				SWIFT_ACTIVE_COMPILATION_CONDITIONS = DEBUG;
				SWIFT_OPTIMIZATION_LEVEL = "-Onone";
			};
			name = Debug;
		};
		B597158A23A3F6BE001E4E2B /* Release */ = {
			isa = XCBuildConfiguration;
			buildSettings = {
				ALWAYS_SEARCH_USER_PATHS = NO;
				CLANG_ANALYZER_NONNULL = YES;
				CLANG_ANALYZER_NUMBER_OBJECT_CONVERSION = YES_AGGRESSIVE;
				CLANG_CXX_LANGUAGE_STANDARD = "gnu++14";
				CLANG_CXX_LIBRARY = "libc++";
				CLANG_ENABLE_MODULES = YES;
				CLANG_ENABLE_OBJC_ARC = YES;
				CLANG_ENABLE_OBJC_WEAK = YES;
				CLANG_WARN_BLOCK_CAPTURE_AUTORELEASING = YES;
				CLANG_WARN_BOOL_CONVERSION = YES;
				CLANG_WARN_COMMA = YES;
				CLANG_WARN_CONSTANT_CONVERSION = YES;
				CLANG_WARN_DEPRECATED_OBJC_IMPLEMENTATIONS = YES;
				CLANG_WARN_DIRECT_OBJC_ISA_USAGE = YES_ERROR;
				CLANG_WARN_DOCUMENTATION_COMMENTS = YES;
				CLANG_WARN_EMPTY_BODY = YES;
				CLANG_WARN_ENUM_CONVERSION = YES;
				CLANG_WARN_INFINITE_RECURSION = YES;
				CLANG_WARN_INT_CONVERSION = YES;
				CLANG_WARN_NON_LITERAL_NULL_CONVERSION = YES;
				CLANG_WARN_OBJC_IMPLICIT_RETAIN_SELF = YES;
				CLANG_WARN_OBJC_LITERAL_CONVERSION = YES;
				CLANG_WARN_OBJC_ROOT_CLASS = YES_ERROR;
				CLANG_WARN_RANGE_LOOP_ANALYSIS = YES;
				CLANG_WARN_STRICT_PROTOTYPES = YES;
				CLANG_WARN_SUSPICIOUS_MOVE = YES;
				CLANG_WARN_UNGUARDED_AVAILABILITY = YES_AGGRESSIVE;
				CLANG_WARN_UNREACHABLE_CODE = YES;
				CLANG_WARN__DUPLICATE_METHOD_MATCH = YES;
				COPY_PHASE_STRIP = NO;
				DEBUG_INFORMATION_FORMAT = "dwarf-with-dsym";
				ENABLE_NS_ASSERTIONS = NO;
				ENABLE_STRICT_OBJC_MSGSEND = YES;
				GCC_C_LANGUAGE_STANDARD = gnu11;
				GCC_NO_COMMON_BLOCKS = YES;
				GCC_WARN_64_TO_32_BIT_CONVERSION = YES;
				GCC_WARN_ABOUT_RETURN_TYPE = YES_ERROR;
				GCC_WARN_UNDECLARED_SELECTOR = YES;
				GCC_WARN_UNINITIALIZED_AUTOS = YES_AGGRESSIVE;
				GCC_WARN_UNUSED_FUNCTION = YES;
				GCC_WARN_UNUSED_VARIABLE = YES;
				IPHONEOS_DEPLOYMENT_TARGET = 13.0;
				MTL_ENABLE_DEBUG_INFO = NO;
				MTL_FAST_MATH = YES;
				SDKROOT = iphoneos;
				SWIFT_COMPILATION_MODE = wholemodule;
				SWIFT_OPTIMIZATION_LEVEL = "-O";
				VALIDATE_PRODUCT = YES;
			};
			name = Release;
		};
		B597158C23A3F6BE001E4E2B /* Debug */ = {
			isa = XCBuildConfiguration;
			buildSettings = {
				ASSETCATALOG_COMPILER_APPICON_NAME = AppIcon;
				CODE_SIGN_STYLE = Automatic;
				DEVELOPMENT_TEAM = MN8WJA5CA9;
				INFOPLIST_FILE = AudioMixingExperiment/Info.plist;
				LD_RUNPATH_SEARCH_PATHS = (
					"$(inherited)",
					"@executable_path/Frameworks",
				);
				PRODUCT_BUNDLE_IDENTIFIER = com.dirtcube.AudioMixingExperiment;
				PRODUCT_NAME = "$(TARGET_NAME)";
				SWIFT_VERSION = 5.0;
				TARGETED_DEVICE_FAMILY = "1,2";
			};
			name = Debug;
		};
		B597158D23A3F6BE001E4E2B /* Release */ = {
			isa = XCBuildConfiguration;
			buildSettings = {
				ASSETCATALOG_COMPILER_APPICON_NAME = AppIcon;
				CODE_SIGN_STYLE = Automatic;
				DEVELOPMENT_TEAM = MN8WJA5CA9;
				INFOPLIST_FILE = AudioMixingExperiment/Info.plist;
				LD_RUNPATH_SEARCH_PATHS = (
					"$(inherited)",
					"@executable_path/Frameworks",
				);
				PRODUCT_BUNDLE_IDENTIFIER = com.dirtcube.AudioMixingExperiment;
				PRODUCT_NAME = "$(TARGET_NAME)";
				SWIFT_VERSION = 5.0;
				TARGETED_DEVICE_FAMILY = "1,2";
			};
			name = Release;
		};
/* End XCBuildConfiguration section */

/* Begin XCConfigurationList section */
		B597157223A3F6BD001E4E2B /* Build configuration list for PBXProject "AudioMixingExperiment" */ = {
			isa = XCConfigurationList;
			buildConfigurations = (
				B597158923A3F6BE001E4E2B /* Debug */,
				B597158A23A3F6BE001E4E2B /* Release */,
			);
			defaultConfigurationIsVisible = 0;
			defaultConfigurationName = Release;
		};
		B597158B23A3F6BE001E4E2B /* Build configuration list for PBXNativeTarget "AudioMixingExperiment" */ = {
			isa = XCConfigurationList;
			buildConfigurations = (
				B597158C23A3F6BE001E4E2B /* Debug */,
				B597158D23A3F6BE001E4E2B /* Release */,
			);
			defaultConfigurationIsVisible = 0;
			defaultConfigurationName = Release;
		};
/* End XCConfigurationList section */
	};
	rootObject = B597156F23A3F6BD001E4E2B /* Project object */;
}
